
Microsoft Visual Studio Solution File, Format Version 12.00
# Visual Studio 15
VisualStudioVersion = 15.0.28307.271
MinimumVisualStudioVersion = 10.0.40219.1
Project("{F2A71F9B-5D33-465A-A702-920D77279786}") = "Testing Records", "Testing Records\Testing Records.fsproj", "{D68C01E3-700B-4ECF-A1DB-A537FE415DA4}"
EndProject
Global
	GlobalSection(SolutionConfigurationPlatforms) = preSolution
		Debug|Any CPU = Debug|Any CPU
		Release|Any CPU = Release|Any CPU
	EndGlobalSection
	GlobalSection(ProjectConfigurationPlatforms) = postSolution
		{D68C01E3-700B-4ECF-A1DB-A537FE415DA4}.Debug|Any CPU.ActiveCfg = Debug|Any CPU
		{D68C01E3-700B-4ECF-A1DB-A537FE415DA4}.Debug|Any CPU.Build.0 = Debug|Any CPU
		{D68C01E3-700B-4ECF-A1DB-A537FE415DA4}.Release|Any CPU.ActiveCfg = Release|Any CPU
		{D68C01E3-700B-4ECF-A1DB-A537FE415DA4}.Release|Any CPU.Build.0 = Release|Any CPU
	EndGlobalSection
	GlobalSection(SolutionProperties) = preSolution
		HideSolutionNode = FALSE
	EndGlobalSection
	GlobalSection(ExtensibilityGlobals) = postSolution
		SolutionGuid = {FA4B8B72-73AF-4C4D-9B8F-D02D77683157}
	EndGlobalSection
EndGlobal
