
Microsoft Visual Studio Solution File, Format Version 12.00
# Visual Studio 15
VisualStudioVersion = 15.0.28307.271
MinimumVisualStudioVersion = 10.0.40219.1
Project("{F2A71F9B-5D33-465A-A702-920D77279786}") = "Problem Set 3", "Problem Set 3\Problem Set 3.fsproj", "{2C2870B8-81F3-4162-B625-669E7AF5FB39}"
EndProject
Global
	GlobalSection(SolutionConfigurationPlatforms) = preSolution
		Debug|Any CPU = Debug|Any CPU
		Release|Any CPU = Release|Any CPU
	EndGlobalSection
	GlobalSection(ProjectConfigurationPlatforms) = postSolution
		{2C2870B8-81F3-4162-B625-669E7AF5FB39}.Debug|Any CPU.ActiveCfg = Debug|Any CPU
		{2C2870B8-81F3-4162-B625-669E7AF5FB39}.Debug|Any CPU.Build.0 = Debug|Any CPU
		{2C2870B8-81F3-4162-B625-669E7AF5FB39}.Release|Any CPU.ActiveCfg = Release|Any CPU
		{2C2870B8-81F3-4162-B625-669E7AF5FB39}.Release|Any CPU.Build.0 = Release|Any CPU
	EndGlobalSection
	GlobalSection(SolutionProperties) = preSolution
		HideSolutionNode = FALSE
	EndGlobalSection
	GlobalSection(ExtensibilityGlobals) = postSolution
		SolutionGuid = {110BF720-B63A-4719-82B4-A57C8FA14C6A}
	EndGlobalSection
EndGlobal
