
Microsoft Visual Studio Solution File, Format Version 12.00
# Visual Studio 15
VisualStudioVersion = 15.0.28307.271
MinimumVisualStudioVersion = 10.0.40219.1
Project("{F2A71F9B-5D33-465A-A702-920D77279786}") = "Rewriting List Library", "Rewriting List Library\Rewriting List Library.fsproj", "{DC99D69B-6DFA-4EED-B9FF-5B36BBFD5634}"
EndProject
Global
	GlobalSection(SolutionConfigurationPlatforms) = preSolution
		Debug|Any CPU = Debug|Any CPU
		Release|Any CPU = Release|Any CPU
	EndGlobalSection
	GlobalSection(ProjectConfigurationPlatforms) = postSolution
		{DC99D69B-6DFA-4EED-B9FF-5B36BBFD5634}.Debug|Any CPU.ActiveCfg = Debug|Any CPU
		{DC99D69B-6DFA-4EED-B9FF-5B36BBFD5634}.Debug|Any CPU.Build.0 = Debug|Any CPU
		{DC99D69B-6DFA-4EED-B9FF-5B36BBFD5634}.Release|Any CPU.ActiveCfg = Release|Any CPU
		{DC99D69B-6DFA-4EED-B9FF-5B36BBFD5634}.Release|Any CPU.Build.0 = Release|Any CPU
	EndGlobalSection
	GlobalSection(SolutionProperties) = preSolution
		HideSolutionNode = FALSE
	EndGlobalSection
	GlobalSection(ExtensibilityGlobals) = postSolution
		SolutionGuid = {7428F61F-A939-4E8F-9F47-174C92C899E9}
	EndGlobalSection
EndGlobal
