
Microsoft Visual Studio Solution File, Format Version 12.00
# Visual Studio 15
VisualStudioVersion = 15.0.28307.271
MinimumVisualStudioVersion = 10.0.40219.1
Project("{F2A71F9B-5D33-465A-A702-920D77279786}") = "Temperature Conversion", "Temperature Conversion\Temperature Conversion.fsproj", "{03EC418C-8D56-4DE6-8EE9-7A28128F9295}"
EndProject
Global
	GlobalSection(SolutionConfigurationPlatforms) = preSolution
		Debug|Any CPU = Debug|Any CPU
		Release|Any CPU = Release|Any CPU
	EndGlobalSection
	GlobalSection(ProjectConfigurationPlatforms) = postSolution
		{03EC418C-8D56-4DE6-8EE9-7A28128F9295}.Debug|Any CPU.ActiveCfg = Debug|Any CPU
		{03EC418C-8D56-4DE6-8EE9-7A28128F9295}.Debug|Any CPU.Build.0 = Debug|Any CPU
		{03EC418C-8D56-4DE6-8EE9-7A28128F9295}.Release|Any CPU.ActiveCfg = Release|Any CPU
		{03EC418C-8D56-4DE6-8EE9-7A28128F9295}.Release|Any CPU.Build.0 = Release|Any CPU
	EndGlobalSection
	GlobalSection(SolutionProperties) = preSolution
		HideSolutionNode = FALSE
	EndGlobalSection
	GlobalSection(ExtensibilityGlobals) = postSolution
		SolutionGuid = {F4C2606F-49AA-4D8F-B195-FFB8A83B26BD}
	EndGlobalSection
EndGlobal
