
Microsoft Visual Studio Solution File, Format Version 12.00
# Visual Studio 15
VisualStudioVersion = 15.0.28307.271
MinimumVisualStudioVersion = 10.0.40219.1
Project("{F2A71F9B-5D33-465A-A702-920D77279786}") = "Problem Set 2", "Problem Set 2\Problem Set 2.fsproj", "{8E095AFB-AC33-4481-A102-24A65AB3C5C9}"
EndProject
Global
	GlobalSection(SolutionConfigurationPlatforms) = preSolution
		Debug|Any CPU = Debug|Any CPU
		Release|Any CPU = Release|Any CPU
	EndGlobalSection
	GlobalSection(ProjectConfigurationPlatforms) = postSolution
		{8E095AFB-AC33-4481-A102-24A65AB3C5C9}.Debug|Any CPU.ActiveCfg = Debug|Any CPU
		{8E095AFB-AC33-4481-A102-24A65AB3C5C9}.Debug|Any CPU.Build.0 = Debug|Any CPU
		{8E095AFB-AC33-4481-A102-24A65AB3C5C9}.Release|Any CPU.ActiveCfg = Release|Any CPU
		{8E095AFB-AC33-4481-A102-24A65AB3C5C9}.Release|Any CPU.Build.0 = Release|Any CPU
	EndGlobalSection
	GlobalSection(SolutionProperties) = preSolution
		HideSolutionNode = FALSE
	EndGlobalSection
	GlobalSection(ExtensibilityGlobals) = postSolution
		SolutionGuid = {A5883B84-98CE-4AC1-BA41-90595FCD73AA}
	EndGlobalSection
EndGlobal
