
Microsoft Visual Studio Solution File, Format Version 12.00
# Visual Studio 15
VisualStudioVersion = 15.0.28307.271
MinimumVisualStudioVersion = 10.0.40219.1
Project("{F2A71F9B-5D33-465A-A702-920D77279786}") = "ProjectEuler - Summation of primes", "ProjectEuler - Summation of primes\ProjectEuler - Summation of primes.fsproj", "{2CAAD219-926A-4DB4-968D-297F65DAFA4C}"
EndProject
Global
	GlobalSection(SolutionConfigurationPlatforms) = preSolution
		Debug|Any CPU = Debug|Any CPU
		Release|Any CPU = Release|Any CPU
	EndGlobalSection
	GlobalSection(ProjectConfigurationPlatforms) = postSolution
		{2CAAD219-926A-4DB4-968D-297F65DAFA4C}.Debug|Any CPU.ActiveCfg = Debug|Any CPU
		{2CAAD219-926A-4DB4-968D-297F65DAFA4C}.Debug|Any CPU.Build.0 = Debug|Any CPU
		{2CAAD219-926A-4DB4-968D-297F65DAFA4C}.Release|Any CPU.ActiveCfg = Release|Any CPU
		{2CAAD219-926A-4DB4-968D-297F65DAFA4C}.Release|Any CPU.Build.0 = Release|Any CPU
	EndGlobalSection
	GlobalSection(SolutionProperties) = preSolution
		HideSolutionNode = FALSE
	EndGlobalSection
	GlobalSection(ExtensibilityGlobals) = postSolution
		SolutionGuid = {35F4FA15-AEC9-4D32-B036-C1E3F9F04DF5}
	EndGlobalSection
EndGlobal
